{
  "originHash" : "431fc2c9ab79e437fc187cf754281569e9658c090ab8e35a2701fad7c193f382",
  "pins" : [
    {
      "identity" : "coretextswift",
      "kind" : "remoteSourceControl",
      "location" : "https://github.com/krzyzanowskim/CoreTextSwift",
      "state" : {
        "revision" : "833177201d6421e6322296f39fce6ff6ae52618a",
        "version" : "0.2.0"
      }
    },
    {
      "identity" : "sttextkitplus",
      "kind" : "remoteSourceControl",
      "location" : "https://github.com/krzyzanowskim/STTextKitPlus",
      "state" : {
        "revision" : "2ee74906f4d753458eeaa9a2f6d4538aacb86a1d",
        "version" : "0.3.0"
      }
    },
    {
      "identity" : "sttextview",
      "kind" : "remoteSourceControl",
      "location" : "https://github.com/krzyzanowskim/STTextView",
      "state" : {
        "revision" : "c36bf60f098f05d82d16dd4a7fe5135ef0678706",
        "version" : "2.3.9"
      }
    }
  ],
  "version" : 3
}
